
Microsoft Visual Studio Solution File, Format Version 12.00
# Visual Studio 15
VisualStudioVersion = 15.0.28307.168
MinimumVisualStudioVersion = 10.0.40219.1
Project("{FAE04EC0-301F-11D3-BF4B-00C04F79EFBC}") = "RAS_V1", "RSA_V1\RAS_V1.csproj", "{376E901B-B8A3-4913-96BA-FCB2D941D3EC}"
EndProject
Global
	GlobalSection(SolutionConfigurationPlatforms) = preSolution
		Debug|Any CPU = Debug|Any CPU
		Release|Any CPU = Release|Any CPU
	EndGlobalSection
	GlobalSection(ProjectConfigurationPlatforms) = postSolution
		{376E901B-B8A3-4913-96BA-FCB2D941D3EC}.Debug|Any CPU.ActiveCfg = Debug|Any CPU
		{376E901B-B8A3-4913-96BA-FCB2D941D3EC}.Debug|Any CPU.Build.0 = Debug|Any CPU
		{376E901B-B8A3-4913-96BA-FCB2D941D3EC}.Release|Any CPU.ActiveCfg = Release|Any CPU
		{376E901B-B8A3-4913-96BA-FCB2D941D3EC}.Release|Any CPU.Build.0 = Release|Any CPU
	EndGlobalSection
	GlobalSection(SolutionProperties) = preSolution
		HideSolutionNode = FALSE
	EndGlobalSection
	GlobalSection(ExtensibilityGlobals) = postSolution
		SolutionGuid = {73387400-318D-4790-BA79-5D9145185E32}
	EndGlobalSection
EndGlobal
